{
  "name": "tanktaktix",
  "lockfileVersion": 3,
  "requires": true,
  "packages": {
    "": {
      "name": "tanktaktix",
      "devDependencies": {
        "concurrently": "8.2.2"
      },
      "workspaces": [
        "client",
        "server",
        "shared"
      ]
    },
    "client": {
      "name": "@tanktaktix/client",
      "version": "0.1.0",
      "dependencies": {
        "@tanktaktix/shared": "*"
      },
      "devDependencies": {
        "typescript": "5.5.4",
        "vite": "5.4.2"
      }
    },
    "server": {
      "name": "@tanktaktix/server",
      "version": "0.1.0",
      "dependencies": {
        "express": "4.19.2",
        "ws": "8.17.0"
      },
      "devDependencies": {
        "@types/express": "4.17.21",
        "@types/node": "20.14.9",
        "@types/ws": "8.5.10",
        "tsx": "4.19.1",
        "typescript": "5.5.4"
      }
    },
    "shared": {
      "name": "@tanktaktix/shared",
      "version": "0.1.0"
    },
    "node_modules/concurrently": {
      "version": "8.2.2"
    },
    "node_modules/express": {
      "version": "4.19.2"
    },
    "node_modules/ws": {
      "version": "8.17.0"
    },
    "node_modules/typescript": {
      "version": "5.5.4"
    },
    "node_modules/vite": {
      "version": "5.4.2"
    },
    "node_modules/tsx": {
      "version": "4.19.1"
    },
    "node_modules/@types/express": {
      "version": "4.17.21"
    },
    "node_modules/@types/node": {
      "version": "20.14.9"
    },
    "node_modules/@types/ws": {
      "version": "8.5.10"
    }
  },
  "dependencies": {
    "concurrently": {
      "version": "8.2.2"
    },
    "express": {
      "version": "4.19.2"
    },
    "ws": {
      "version": "8.17.0"
    },
    "typescript": {
      "version": "5.5.4"
    },
    "vite": {
      "version": "5.4.2"
    },
    "tsx": {
      "version": "4.19.1"
    },
    "@types/express": {
      "version": "4.17.21"
    },
    "@types/node": {
      "version": "20.14.9"
    },
    "@types/ws": {
      "version": "8.5.10"
    }
  }
}
